
Microsoft Visual Studio Solution File, Format Version 12.00
# Visual Studio 15
Project("{FAE04EC0-301F-11D3-BF4B-00C04F79EFBC}") = "VuforiaScripts", "VuforiaScripts.csproj", "{86F70E84-8530-6646-601F-EB87D6376C90}"
EndProject
Project("{FAE04EC0-301F-11D3-BF4B-00C04F79EFBC}") = "Assembly-CSharp", "Assembly-CSharp.csproj", "{1DA4BA91-A9AB-96BA-A928-AC4744D87100}"
EndProject
Project("{FAE04EC0-301F-11D3-BF4B-00C04F79EFBC}") = "VuforiaEditorScripts", "VuforiaEditorScripts.csproj", "{CF6C624F-8952-4CBF-70AD-F6A31A7E9384}"
EndProject
Global
	GlobalSection(SolutionConfigurationPlatforms) = preSolution
		Debug|Any CPU = Debug|Any CPU
		Release|Any CPU = Release|Any CPU
	EndGlobalSection
	GlobalSection(ProjectConfigurationPlatforms) = postSolution
		{86F70E84-8530-6646-601F-EB87D6376C90}.Debug|Any CPU.ActiveCfg = Debug|Any CPU
		{86F70E84-8530-6646-601F-EB87D6376C90}.Debug|Any CPU.Build.0 = Debug|Any CPU
		{86F70E84-8530-6646-601F-EB87D6376C90}.Release|Any CPU.ActiveCfg = Release|Any CPU
		{86F70E84-8530-6646-601F-EB87D6376C90}.Release|Any CPU.Build.0 = Release|Any CPU
		{1DA4BA91-A9AB-96BA-A928-AC4744D87100}.Debug|Any CPU.ActiveCfg = Debug|Any CPU
		{1DA4BA91-A9AB-96BA-A928-AC4744D87100}.Debug|Any CPU.Build.0 = Debug|Any CPU
		{1DA4BA91-A9AB-96BA-A928-AC4744D87100}.Release|Any CPU.ActiveCfg = Release|Any CPU
		{1DA4BA91-A9AB-96BA-A928-AC4744D87100}.Release|Any CPU.Build.0 = Release|Any CPU
		{CF6C624F-8952-4CBF-70AD-F6A31A7E9384}.Debug|Any CPU.ActiveCfg = Debug|Any CPU
		{CF6C624F-8952-4CBF-70AD-F6A31A7E9384}.Debug|Any CPU.Build.0 = Debug|Any CPU
		{CF6C624F-8952-4CBF-70AD-F6A31A7E9384}.Release|Any CPU.ActiveCfg = Release|Any CPU
		{CF6C624F-8952-4CBF-70AD-F6A31A7E9384}.Release|Any CPU.Build.0 = Release|Any CPU
	EndGlobalSection
	GlobalSection(SolutionProperties) = preSolution
		HideSolutionNode = FALSE
	EndGlobalSection
EndGlobal
